{
  "name": "@stackline/angular-highcharts-docs-angular4-4-0-0",
  "version": "1.0.0",
  "lockfileVersion": 3,
  "requires": true,
  "packages": {
    "": {
      "name": "@stackline/angular-highcharts-docs-angular4-4-0-0",
      "version": "1.0.0",
      "dependencies": {
        "@angular/common": "4.0.0",
        "@angular/compiler": "4.0.0",
        "@angular/core": "4.0.0",
        "@angular/forms": "4.0.0",
        "@angular/http": "4.0.0",
        "@angular/platform-browser": "4.0.0",
        "@angular/platform-browser-dynamic": "4.0.0",
        "@stackline/angular-highcharts": "file:../../../dist",
        "core-js": "^2.4.1",
        "highcharts": "^5.0.15",
        "rxjs": "5.5.12",
        "zone.js": "0.8.29"
      },
      "devDependencies": {
        "typescript": "2.9.2"
      }
    },
    "../../../dist": {
      "name": "@stackline/angular-highcharts",
      "version": "21.0.0",
      "license": "MIT",
      "dependencies": {
        "tslib": "^2.3.0"
      },
      "peerDependencies": {
        "@angular/core": ">=21.0.0 <22.0.0",
        "highcharts": ">=5.0.0"
      }
    },
    "node_modules/@angular/common": {
      "version": "4.0.0",
      "resolved": "https://registry.npmjs.org/@angular/common/-/common-4.0.0.tgz",
      "integrity": "sha512-KMY+/bnEBIz03RB03F2mQgEWp6PqqulL6kzwi/faZRKGK7k6Jxvw7vUY/X+pOFgjdEN8NowjQwQce2KFnGbfdg==",
      "license": "MIT",
      "peerDependencies": {
        "@angular/core": "4.0.0"
      }
    },
    "node_modules/@angular/compiler": {
      "version": "4.0.0",
      "resolved": "https://registry.npmjs.org/@angular/compiler/-/compiler-4.0.0.tgz",
      "integrity": "sha512-wOhL2eAMe7lhuGp6RvLOb5h3U8vIcERKLFWKMNHUDfh8tKc8InGmYcSEDG2XzkR7AFrN6ilHmVGl9h+ZJ9UPbg==",
      "license": "MIT",
      "peerDependencies": {
        "@angular/core": "4.0.0"
      }
    },
    "node_modules/@angular/core": {
      "version": "4.0.0",
      "resolved": "https://registry.npmjs.org/@angular/core/-/core-4.0.0.tgz",
      "integrity": "sha512-0SYDhMaVuq3/6S/Pyom/0dfGekjZlOkV6iwkPRShFIl0of8WKQSaHPeVok0uu+8i78op/ts2QwqkzpWDrhc9tA==",
      "license": "MIT",
      "peerDependencies": {
        "rxjs": "^5.0.1",
        "zone.js": "^0.8.4"
      }
    },
    "node_modules/@angular/forms": {
      "version": "4.0.0",
      "resolved": "https://registry.npmjs.org/@angular/forms/-/forms-4.0.0.tgz",
      "integrity": "sha512-5q2sZqmijzMhlQcAHr+vWP++VeKrTCPVXr6S7c2Xgb0eZ4LUn2ISWZsQBQV4nldlAvcVkCSXW+gM7qikrrbojw==",
      "license": "MIT",
      "peerDependencies": {
        "@angular/common": "4.0.0",
        "@angular/core": "4.0.0",
        "@angular/platform-browser": "4.0.0"
      }
    },
    "node_modules/@angular/http": {
      "version": "4.0.0",
      "resolved": "https://registry.npmjs.org/@angular/http/-/http-4.0.0.tgz",
      "integrity": "sha512-ZegCpSEOlObDUF2ajj1WJYxXWsb5DEx9vz6ean0xRsjHLrEMTqRQ+DgrkjjgVRpzfZju2VzG+3vQw97GbSOW+g==",
      "deprecated": "Package no longer supported. Use @angular/common instead, see https://angular.io/guide/deprecations#angularhttp",
      "license": "MIT",
      "peerDependencies": {
        "@angular/core": "4.0.0",
        "@angular/platform-browser": "4.0.0",
        "rxjs": "^5.0.1"
      }
    },
    "node_modules/@angular/platform-browser": {
      "version": "4.0.0",
      "resolved": "https://registry.npmjs.org/@angular/platform-browser/-/platform-browser-4.0.0.tgz",
      "integrity": "sha512-hJ/sRFADFAYKgRJRACzt76DIq7csMt2pzqxikYGImUVwa5Du5ntL2sTqTPj5QTPjEnXrlxbXDjeHMKbJS8mrpg==",
      "license": "MIT",
      "peerDependencies": {
        "@angular/common": "4.0.0",
        "@angular/core": "4.0.0"
      }
    },
    "node_modules/@angular/platform-browser-dynamic": {
      "version": "4.0.0",
      "resolved": "https://registry.npmjs.org/@angular/platform-browser-dynamic/-/platform-browser-dynamic-4.0.0.tgz",
      "integrity": "sha512-nq29W2XiXPzIcmVqHmHqJ0wsoamgy2rwtOVMT/7nZ6xvE0L4bp7GWKjxDC6OfnucCPSBNbbx4dEx2OiqLpTRjQ==",
      "license": "MIT",
      "peerDependencies": {
        "@angular/common": "4.0.0",
        "@angular/compiler": "4.0.0",
        "@angular/core": "4.0.0",
        "@angular/platform-browser": "4.0.0"
      }
    },
    "node_modules/@stackline/angular-highcharts": {
      "resolved": "../../../dist",
      "link": true
    },
    "node_modules/core-js": {
      "version": "2.6.12",
      "resolved": "https://registry.npmjs.org/core-js/-/core-js-2.6.12.tgz",
      "integrity": "sha512-Kb2wC0fvsWfQrgk8HU5lW6U/Lcs8+9aaYcy4ZFc6DDlo4nZ7n70dEgE5rtR0oG6ufKDUnrwfWL1mXR5ljDatrQ==",
      "deprecated": "core-js@<3.23.3 is no longer maintained and not recommended for usage due to the number of issues. Because of the V8 engine whims, feature detection in old core-js versions could cause a slowdown up to 100x even if nothing is polyfilled. Some versions have web compatibility issues. Please, upgrade your dependencies to the actual version of core-js.",
      "hasInstallScript": true,
      "license": "MIT"
    },
    "node_modules/highcharts": {
      "version": "5.0.15",
      "resolved": "https://registry.npmjs.org/highcharts/-/highcharts-5.0.15.tgz",
      "integrity": "sha512-+LTe57ntLyWgkjsHzLmvRspM3FVKtds7iDswOTwuTAmZD3FtG1I/DqHiVSRjX92RQmQMZ1M7dcoRb7T648m1xA==",
      "license": "https://www.highcharts.com/license"
    },
    "node_modules/rxjs": {
      "version": "5.5.12",
      "resolved": "https://registry.npmjs.org/rxjs/-/rxjs-5.5.12.tgz",
      "integrity": "sha512-xx2itnL5sBbqeeiVgNPVuQQ1nC8Jp2WfNJhXWHmElW9YmrpS9UVnNzhP3EH3HFqexO5Tlp8GhYY+WEcqcVMvGw==",
      "license": "Apache-2.0",
      "dependencies": {
        "symbol-observable": "1.0.1"
      },
      "engines": {
        "npm": ">=2.0.0"
      }
    },
    "node_modules/symbol-observable": {
      "version": "1.0.1",
      "resolved": "https://registry.npmjs.org/symbol-observable/-/symbol-observable-1.0.1.tgz",
      "integrity": "sha512-Kb3PrPYz4HanVF1LVGuAdW6LoVgIwjUYJGzFe7NDrBLCN4lsV/5J0MFurV+ygS4bRVwrCEt2c7MQ1R2a72oJDw==",
      "license": "MIT",
      "engines": {
        "node": ">=0.10.0"
      }
    },
    "node_modules/typescript": {
      "version": "2.9.2",
      "resolved": "https://registry.npmjs.org/typescript/-/typescript-2.9.2.tgz",
      "integrity": "sha512-Gr4p6nFNaoufRIY4NMdpQRNmgxVIGMs4Fcu/ujdYk3nAZqk7supzBE9idmvfZIlH/Cuj//dvi+019qEue9lV0w==",
      "dev": true,
      "license": "Apache-2.0",
      "bin": {
        "tsc": "bin/tsc",
        "tsserver": "bin/tsserver"
      },
      "engines": {
        "node": ">=4.2.0"
      }
    },
    "node_modules/zone.js": {
      "version": "0.8.29",
      "resolved": "https://registry.npmjs.org/zone.js/-/zone.js-0.8.29.tgz",
      "integrity": "sha512-mla2acNCMkWXBD+c+yeUrBUrzOxYMNFdQ6FGfigGGtEVBPJx07BQeJekjt9DmH1FtZek4E9rE1eRR9qQpxACOQ==",
      "license": "MIT"
    }
  }
}
